<?xml version="1.0" encoding="utf-8"?>
<Project ToolsVersion="4.0" xmlns="http://schemas.microsoft.com/developer/msbuild/2003">
  <ItemGroup>
    <Filter Include="Source Files">
      <UniqueIdentifier>{4FC737F1-C7A5-4376-A066-2A32D752A2FF}</UniqueIdentifier>
      <Extensions>cpp;c;cc;cxx;c++;cppm;ixx;def;odl;idl;hpj;bat;asm;asmx</Extensions>
    </Filter>
    <Filter Include="Header Files">
      <UniqueIdentifier>{93995380-89BD-4b04-88EB-625FBE52EBFB}</UniqueIdentifier>
      <Extensions>h;hh;hpp;hxx;h++;hm;inl;inc;ipp;xsd</Extensions>
    </Filter>
    <Filter Include="Resource Files">
      <UniqueIdentifier>{67DA6AB6-F800-4c08-8B7A-83BB121AAD01}</UniqueIdentifier>
      <Extensions>rc;ico;cur;bmp;dlg;rc2;rct;bin;rgs;gif;jpg;jpeg;jpe;resx;tiff;tif;png;wav;mfcribbon-ms</Extensions>
    </Filter>
  </ItemGroup>
  <ItemGroup>
    <ClCompile Include="Libraries\Dear ImGui\backends\imgui_impl_dx11.cpp">
      <Filter>Source Files</Filter>
    </ClCompile>
    <ClCompile Include="Libraries\Dear ImGui\backends\imgui_impl_win32.cpp">
      <Filter>Source Files</Filter>
    </ClCompile>
    <ClCompile Include="Libraries\Dear ImGui\imgui.cpp">
      <Filter>Source Files</Filter>
    </ClCompile>
    <ClCompile Include="Libraries\Dear ImGui\imgui_demo.cpp">
      <Filter>Source Files</Filter>
    </ClCompile>
    <ClCompile Include="Libraries\Dear ImGui\imgui_draw.cpp">
      <Filter>Source Files</Filter>
    </ClCompile>
    <ClCompile Include="Libraries\Dear ImGui\imgui_tables.cpp">
      <Filter>Source Files</Filter>
    </ClCompile>
    <ClCompile Include="Libraries\Dear ImGui\imgui_widgets.cpp">
      <Filter>Source Files</Filter>
    </ClCompile>
    <ClCompile Include="Reflection.cpp">
      <Filter>Source Files</Filter>
    </ClCompile>
    <ClCompile Include="Components\Renderer\Renderer.cpp">
      <Filter>Source Files</Filter>
    </ClCompile>
    <ClCompile Include="Definitions\Globals.cpp">
      <Filter>Source Files</Filter>
    </ClCompile>
    <ClCompile Include="Components\Graphics\Graphics.cpp">
      <Filter>Source Files</Filter>
    </ClCompile>
    <ClCompile Include="Components\Title Bar\TitleBar.cpp">
      <Filter>Source Files</Filter>
    </ClCompile>
    <ClCompile Include="Components\FontManager\FontManager.cpp">
      <Filter>Source Files</Filter>
    </ClCompile>
    <ClCompile Include="Libraries\Dear ImGui\misc\freetype\imgui_freetype.cpp">
      <Filter>Source Files</Filter>
    </ClCompile>
    <ClCompile Include="Components\Layout\LayoutMaster.cpp">
      <Filter>Source Files</Filter>
    </ClCompile>
    <ClCompile Include="Components\Notifications\Notifications.cpp">
      <Filter>Source Files</Filter>
    </ClCompile>
    <ClCompile Include="Components\Memory Manager\Memory.cpp">
      <Filter>Source Files</Filter>
    </ClCompile>
    <ClCompile Include="Components\Process Manager\Process.cpp">
      <Filter>Source Files</Filter>
    </ClCompile>
    <ClCompile Include="Components\Layout\Objects\Button\Button.cpp">
      <Filter>Source Files</Filter>
    </ClCompile>
    <ClCompile Include="Components\Theme Manager\Theme Manager.cpp">
      <Filter>Source Files</Filter>
    </ClCompile>
    <ClCompile Include="Components\Layout\Dissector\Dissector.cpp">
      <Filter>Source Files</Filter>
    </ClCompile>
    <ClCompile Include="Components\Memory Manager\MemoryStructs.cpp">
      <Filter>Source Files</Filter>
    </ClCompile>
    <ClCompile Include="Components\Layout\Dissector\ToolBar\SideBar.cpp">
      <Filter>Source Files</Filter>
    </ClCompile>
    <ClCompile Include="Components\Layout\Objects\Search Bar\SearchBar.cpp">
      <Filter>Source Files</Filter>
    </ClCompile>
    <ClCompile Include="Components\Layout\Dissector\ToolBar\AttachPanel\AttachPanel.cpp">
      <Filter>Source Files</Filter>
    </ClCompile>
    <ClCompile Include="Components\Layout\Dissector\ToolBar\TypePicker\TypePicker.cpp">
      <Filter>Source Files</Filter>
    </ClCompile>
    <ClCompile Include="Components\Config\Config.cpp">
      <Filter>Source Files</Filter>
    </ClCompile>
    <ClCompile Include="Components\Layout\Dissector\ToolBar\ClassBrowser\ClassBrowser.cpp">
      <Filter>Source Files</Filter>
    </ClCompile>
    <ClCompile Include="Components\Layout\Dissector\Options\Options.cpp">
      <Filter>Source Files</Filter>
    </ClCompile>
    <ClCompile Include="Components\Parser\Parser.cpp">
      <Filter>Source Files</Filter>
    </ClCompile>
    <ClCompile Include="Components\Layout\Objects\Line\Line.cpp">
      <Filter>Source Files</Filter>
    </ClCompile>
    <ClCompile Include="Components\Layout\Dissector\Grid\Grid.cpp">
      <Filter>Source Files</Filter>
    </ClCompile>
    <ClCompile Include="Components\Class Manager\ClassManager.cpp">
      <Filter>Source Files</Filter>
    </ClCompile>
  </ItemGroup>
  <ItemGroup>
    <ClInclude Include="Libraries\Dear ImGui\backends\imgui_impl_dx11.h">
      <Filter>Header Files</Filter>
    </ClInclude>
    <ClInclude Include="Libraries\Dear ImGui\backends\imgui_impl_win32.h">
      <Filter>Header Files</Filter>
    </ClInclude>
    <ClInclude Include="Libraries\Dear ImGui\imconfig.h">
      <Filter>Header Files</Filter>
    </ClInclude>
    <ClInclude Include="Libraries\Dear ImGui\imgui.h">
      <Filter>Header Files</Filter>
    </ClInclude>
    <ClInclude Include="Libraries\Dear ImGui\imgui_internal.h">
      <Filter>Header Files</Filter>
    </ClInclude>
    <ClInclude Include="Libraries\Dear ImGui\imstb_rectpack.h">
      <Filter>Header Files</Filter>
    </ClInclude>
    <ClInclude Include="Libraries\Dear ImGui\imstb_textedit.h">
      <Filter>Header Files</Filter>
    </ClInclude>
    <ClInclude Include="Libraries\Dear ImGui\imstb_truetype.h">
      <Filter>Header Files</Filter>
    </ClInclude>
    <ClInclude Include="Definitions\Globals.h">
      <Filter>Header Files</Filter>
    </ClInclude>
    <ClInclude Include="Libraries\xorstr.hpp">
      <Filter>Header Files</Filter>
    </ClInclude>
    <ClInclude Include="Components\Renderer\Renderer.h">
      <Filter>Header Files</Filter>
    </ClInclude>
    <ClInclude Include="Libraries\Vector.h">
      <Filter>Header Files</Filter>
    </ClInclude>
    <ClInclude Include="Libraries\Aether\Aether.h">
      <Filter>Header Files</Filter>
    </ClInclude>
    <ClInclude Include="Libraries\Wraith\Wraith.hpp">
      <Filter>Header Files</Filter>
    </ClInclude>
    <ClInclude Include="Definitions\NtDefs.h">
      <Filter>Header Files</Filter>
    </ClInclude>
    <ClInclude Include="Components\Graphics\Graphics.h">
      <Filter>Header Files</Filter>
    </ClInclude>
    <ClInclude Include="Components\Title Bar\TitleBar.h">
      <Filter>Header Files</Filter>
    </ClInclude>
    <ClInclude Include="Components\FontManager\FontManager.h">
      <Filter>Header Files</Filter>
    </ClInclude>
    <ClInclude Include="Libraries\Dear ImGui\misc\freetype\imgui_freetype.h">
      <Filter>Header Files</Filter>
    </ClInclude>
    <ClInclude Include="Components\FontManager\GeistMono.h">
      <Filter>Header Files</Filter>
    </ClInclude>
    <ClInclude Include="Components\FontManager\JetbrainsMono.h">
      <Filter>Header Files</Filter>
    </ClInclude>
    <ClInclude Include="Components\Layout\LayoutMaster.h">
      <Filter>Header Files</Filter>
    </ClInclude>
    <ClInclude Include="Components\Notifications\Notifications.h">
      <Filter>Header Files</Filter>
    </ClInclude>
    <ClInclude Include="Components\Layout\Dissector\Dissector.h">
      <Filter>Header Files</Filter>
    </ClInclude>
    <ClInclude Include="Components\Memory Manager\Memory.h">
      <Filter>Header Files</Filter>
    </ClInclude>
    <ClInclude Include="Components\Memory Manager\MemoryStructs.h">
      <Filter>Header Files</Filter>
    </ClInclude>
    <ClInclude Include="Components\Memory Manager\MemoryDefs.h">
      <Filter>Header Files</Filter>
    </ClInclude>
    <ClInclude Include="Components\Process Manager\Process.h">
      <Filter>Header Files</Filter>
    </ClInclude>
    <ClInclude Include="Components\Layout\Objects\Button\Button.h">
      <Filter>Header Files</Filter>
    </ClInclude>
    <ClInclude Include="Components\Renderer\ProcessIcon.h">
      <Filter>Header Files</Filter>
    </ClInclude>
    <ClInclude Include="Components\Theme Manager\Theme Manager.h">
      <Filter>Header Files</Filter>
    </ClInclude>
    <ClInclude Include="Components\Theme Manager\Themes\DarkIslands.h">
      <Filter>Header Files</Filter>
    </ClInclude>
    <ClInclude Include="Components\Layout\Dissector\ToolBar\SideBar.h">
      <Filter>Header Files</Filter>
    </ClInclude>
    <ClInclude Include="Components\FontManager\NotoEmoji.h">
      <Filter>Header Files</Filter>
    </ClInclude>
    <ClInclude Include="Components\Layout\Objects\Search Bar\SearchBar.h">
      <Filter>Header Files</Filter>
    </ClInclude>
    <ClInclude Include="Components\Layout\Dissector\ToolBar\AttachPanel\AttachPanel.h">
      <Filter>Header Files</Filter>
    </ClInclude>
    <ClInclude Include="Components\Layout\Dissector\ToolBar\TypePicker\TypePicker.h">
      <Filter>Header Files</Filter>
    </ClInclude>
    <ClInclude Include="Components\Theme Manager\Themes\LightIslands.h">
      <Filter>Header Files</Filter>
    </ClInclude>
    <ClInclude Include="Components\Config\Config.h">
      <Filter>Header Files</Filter>
    </ClInclude>
    <ClInclude Include="Libraries\toml.hpp">
      <Filter>Header Files</Filter>
    </ClInclude>
    <ClInclude Include="Components\Layout\Dissector\ToolBar\ClassBrowser\ClassBrowser.h">
      <Filter>Header Files</Filter>
    </ClInclude>
    <ClInclude Include="Components\Layout\Dissector\Options\Options.h">
      <Filter>Header Files</Filter>
    </ClInclude>
    <ClInclude Include="Components\Theme Manager\Themes\CatppuccinMacchiato.h">
      <Filter>Header Files</Filter>
    </ClInclude>
    <ClInclude Include="Components\Theme Manager\Themes\CatppuccinLatte.h">
      <Filter>Header Files</Filter>
    </ClInclude>
    <ClInclude Include="Components\Theme Manager\Themes\CatppuccinFrappe.h">
      <Filter>Header Files</Filter>
    </ClInclude>
    <ClInclude Include="Components\Theme Manager\Themes\CatppuccinMocha.h">
      <Filter>Header Files</Filter>
    </ClInclude>
    <ClInclude Include="Components\Parser\Parser.h">
      <Filter>Header Files</Filter>
    </ClInclude>
    <ClInclude Include="Components\Layout\Objects\Line\Line.h">
      <Filter>Header Files</Filter>
    </ClInclude>
    <ClInclude Include="Components\Layout\Dissector\Grid\Grid.h">
      <Filter>Header Files</Filter>
    </ClInclude>
    <ClInclude Include="Components\Class Manager\ClassManager.h">
      <Filter>Header Files</Filter>
    </ClInclude>
    <ClInclude Include="Libraries\nlohmann\json.hpp">
      <Filter>Header Files</Filter>
    </ClInclude>
  </ItemGroup>
  <ItemGroup>
    <MASM Include="Libraries\Aether\Aether.asm">
      <Filter>Source Files</Filter>
    </MASM>
  </ItemGroup>
</Project>